
Microsoft Visual Studio Solution File, Format Version 12.00
# Visual Studio Version 16
VisualStudioVersion = 16.0.28917.182
MinimumVisualStudioVersion = 10.0.40219.1
Project("{FAE04EC0-301F-11D3-BF4B-00C04F79EFBC}") = "Emails.Domain", "Emails.Domain\Emails.Domain.csproj", "{852FEBB9-8829-4D85-985A-FAAFDB3C86B5}"
EndProject
Project("{FAE04EC0-301F-11D3-BF4B-00C04F79EFBC}") = "Emails.DAL", "Emails.DAL\Emails.DAL.csproj", "{05F8EF43-0DAB-4C8E-8A9D-14250A404ED4}"
EndProject
Project("{FAE04EC0-301F-11D3-BF4B-00C04F79EFBC}") = "Emails.Reader", "Emails.Reader\Emails.Reader.csproj", "{5D5CDDFC-0091-4AFD-9BA5-871C839BB16E}"
EndProject
Project("{FAE04EC0-301F-11D3-BF4B-00C04F79EFBC}") = "EmailsReader.UnitTests", "EmailsReader.UnitTests\EmailsReader.UnitTests.csproj", "{D14FB6BA-C9EF-42EF-B42F-C6AF36FBAFB2}"
EndProject
Project("{FAE04EC0-301F-11D3-BF4B-00C04F79EFBC}") = "Emails.Domain.UnitTests", "Emails.Domain.UnitTests\Emails.Domain.UnitTests.csproj", "{95780D79-8B74-4F75-85E2-3BEE5DC968D3}"
EndProject
Project("{FAE04EC0-301F-11D3-BF4B-00C04F79EFBC}") = "Emails.Tests.Shared", "Emails.Tests.Shared\Emails.Tests.Shared.csproj", "{ABC145BD-BBD9-4468-BAA4-EF3E66FCADCB}"
EndProject
Project("{FAE04EC0-301F-11D3-BF4B-00C04F79EFBC}") = "Emails.DAL.UnitTests", "Emails.DAL.UnitTests\Emails.DAL.UnitTests.csproj", "{35358C29-5AE8-468D-89CE-4241850CE319}"
EndProject
Project("{FAE04EC0-301F-11D3-BF4B-00C04F79EFBC}") = "Emails.DAL.IntegrationTests", "Emails.DAL.IntegrationTests\Emails.DAL.IntegrationTests.csproj", "{7898B2D9-D368-44E1-A62C-6CD7911959C8}"
EndProject
Project("{FAE04EC0-301F-11D3-BF4B-00C04F79EFBC}") = "Emails.Logic", "Emails.Logic\Emails.Logic.csproj", "{1EF12D13-432F-43BB-AC63-38EF75120334}"
EndProject
Project("{FAE04EC0-301F-11D3-BF4B-00C04F79EFBC}") = "EmailsReader.IntegrationTests", "EmailsReader.IntegrationTests\EmailsReader.IntegrationTests.csproj", "{DF659B53-5759-407F-A8D5-1A775B824720}"
EndProject
Project("{FAE04EC0-301F-11D3-BF4B-00C04F79EFBC}") = "FunctionalExtensionsLibrary", "FunctionalExtensionsLIbrary\FunctionalExtensionsLibrary.csproj", "{B4447A12-4225-4679-A5D8-A94FC7258BF1}"
EndProject
Project("{FAE04EC0-301F-11D3-BF4B-00C04F79EFBC}") = "FunctionalExtensionsLibrary.UnitTests", "FunctionalExtensionsLibrary.UnitTests\FunctionalExtensionsLibrary.UnitTests.csproj", "{0FD3DBA4-24A1-457D-869D-0C757522E867}"
EndProject
Project("{FAE04EC0-301F-11D3-BF4B-00C04F79EFBC}") = "Emails.API", "Emails.API\Emails.API.csproj", "{07CE2775-8F52-438C-B9CB-A033887D91FD}"
EndProject
Global
	GlobalSection(SolutionConfigurationPlatforms) = preSolution
		Debug|Any CPU = Debug|Any CPU
		Debug|iPhone = Debug|iPhone
		Debug|iPhoneSimulator = Debug|iPhoneSimulator
		Release|Any CPU = Release|Any CPU
		Release|iPhone = Release|iPhone
		Release|iPhoneSimulator = Release|iPhoneSimulator
	EndGlobalSection
	GlobalSection(ProjectConfigurationPlatforms) = postSolution
		{852FEBB9-8829-4D85-985A-FAAFDB3C86B5}.Debug|Any CPU.ActiveCfg = Debug|Any CPU
		{852FEBB9-8829-4D85-985A-FAAFDB3C86B5}.Debug|Any CPU.Build.0 = Debug|Any CPU
		{852FEBB9-8829-4D85-985A-FAAFDB3C86B5}.Debug|iPhone.ActiveCfg = Debug|Any CPU
		{852FEBB9-8829-4D85-985A-FAAFDB3C86B5}.Debug|iPhone.Build.0 = Debug|Any CPU
		{852FEBB9-8829-4D85-985A-FAAFDB3C86B5}.Debug|iPhoneSimulator.ActiveCfg = Debug|Any CPU
		{852FEBB9-8829-4D85-985A-FAAFDB3C86B5}.Debug|iPhoneSimulator.Build.0 = Debug|Any CPU
		{852FEBB9-8829-4D85-985A-FAAFDB3C86B5}.Release|Any CPU.ActiveCfg = Release|Any CPU
		{852FEBB9-8829-4D85-985A-FAAFDB3C86B5}.Release|Any CPU.Build.0 = Release|Any CPU
		{852FEBB9-8829-4D85-985A-FAAFDB3C86B5}.Release|iPhone.ActiveCfg = Release|Any CPU
		{852FEBB9-8829-4D85-985A-FAAFDB3C86B5}.Release|iPhone.Build.0 = Release|Any CPU
		{852FEBB9-8829-4D85-985A-FAAFDB3C86B5}.Release|iPhoneSimulator.ActiveCfg = Release|Any CPU
		{852FEBB9-8829-4D85-985A-FAAFDB3C86B5}.Release|iPhoneSimulator.Build.0 = Release|Any CPU
		{05F8EF43-0DAB-4C8E-8A9D-14250A404ED4}.Debug|Any CPU.ActiveCfg = Debug|Any CPU
		{05F8EF43-0DAB-4C8E-8A9D-14250A404ED4}.Debug|Any CPU.Build.0 = Debug|Any CPU
		{05F8EF43-0DAB-4C8E-8A9D-14250A404ED4}.Debug|iPhone.ActiveCfg = Debug|Any CPU
		{05F8EF43-0DAB-4C8E-8A9D-14250A404ED4}.Debug|iPhone.Build.0 = Debug|Any CPU
		{05F8EF43-0DAB-4C8E-8A9D-14250A404ED4}.Debug|iPhoneSimulator.ActiveCfg = Debug|Any CPU
		{05F8EF43-0DAB-4C8E-8A9D-14250A404ED4}.Debug|iPhoneSimulator.Build.0 = Debug|Any CPU
		{05F8EF43-0DAB-4C8E-8A9D-14250A404ED4}.Release|Any CPU.ActiveCfg = Release|Any CPU
		{05F8EF43-0DAB-4C8E-8A9D-14250A404ED4}.Release|Any CPU.Build.0 = Release|Any CPU
		{05F8EF43-0DAB-4C8E-8A9D-14250A404ED4}.Release|iPhone.ActiveCfg = Release|Any CPU
		{05F8EF43-0DAB-4C8E-8A9D-14250A404ED4}.Release|iPhone.Build.0 = Release|Any CPU
		{05F8EF43-0DAB-4C8E-8A9D-14250A404ED4}.Release|iPhoneSimulator.ActiveCfg = Release|Any CPU
		{05F8EF43-0DAB-4C8E-8A9D-14250A404ED4}.Release|iPhoneSimulator.Build.0 = Release|Any CPU
		{5D5CDDFC-0091-4AFD-9BA5-871C839BB16E}.Debug|Any CPU.ActiveCfg = Debug|Any CPU
		{5D5CDDFC-0091-4AFD-9BA5-871C839BB16E}.Debug|Any CPU.Build.0 = Debug|Any CPU
		{5D5CDDFC-0091-4AFD-9BA5-871C839BB16E}.Debug|iPhone.ActiveCfg = Debug|Any CPU
		{5D5CDDFC-0091-4AFD-9BA5-871C839BB16E}.Debug|iPhone.Build.0 = Debug|Any CPU
		{5D5CDDFC-0091-4AFD-9BA5-871C839BB16E}.Debug|iPhoneSimulator.ActiveCfg = Debug|Any CPU
		{5D5CDDFC-0091-4AFD-9BA5-871C839BB16E}.Debug|iPhoneSimulator.Build.0 = Debug|Any CPU
		{5D5CDDFC-0091-4AFD-9BA5-871C839BB16E}.Release|Any CPU.ActiveCfg = Release|Any CPU
		{5D5CDDFC-0091-4AFD-9BA5-871C839BB16E}.Release|Any CPU.Build.0 = Release|Any CPU
		{5D5CDDFC-0091-4AFD-9BA5-871C839BB16E}.Release|iPhone.ActiveCfg = Release|Any CPU
		{5D5CDDFC-0091-4AFD-9BA5-871C839BB16E}.Release|iPhone.Build.0 = Release|Any CPU
		{5D5CDDFC-0091-4AFD-9BA5-871C839BB16E}.Release|iPhoneSimulator.ActiveCfg = Release|Any CPU
		{5D5CDDFC-0091-4AFD-9BA5-871C839BB16E}.Release|iPhoneSimulator.Build.0 = Release|Any CPU
		{D14FB6BA-C9EF-42EF-B42F-C6AF36FBAFB2}.Debug|Any CPU.ActiveCfg = Debug|Any CPU
		{D14FB6BA-C9EF-42EF-B42F-C6AF36FBAFB2}.Debug|Any CPU.Build.0 = Debug|Any CPU
		{D14FB6BA-C9EF-42EF-B42F-C6AF36FBAFB2}.Debug|iPhone.ActiveCfg = Debug|Any CPU
		{D14FB6BA-C9EF-42EF-B42F-C6AF36FBAFB2}.Debug|iPhone.Build.0 = Debug|Any CPU
		{D14FB6BA-C9EF-42EF-B42F-C6AF36FBAFB2}.Debug|iPhoneSimulator.ActiveCfg = Debug|Any CPU
		{D14FB6BA-C9EF-42EF-B42F-C6AF36FBAFB2}.Debug|iPhoneSimulator.Build.0 = Debug|Any CPU
		{D14FB6BA-C9EF-42EF-B42F-C6AF36FBAFB2}.Release|Any CPU.ActiveCfg = Release|Any CPU
		{D14FB6BA-C9EF-42EF-B42F-C6AF36FBAFB2}.Release|Any CPU.Build.0 = Release|Any CPU
		{D14FB6BA-C9EF-42EF-B42F-C6AF36FBAFB2}.Release|iPhone.ActiveCfg = Release|Any CPU
		{D14FB6BA-C9EF-42EF-B42F-C6AF36FBAFB2}.Release|iPhone.Build.0 = Release|Any CPU
		{D14FB6BA-C9EF-42EF-B42F-C6AF36FBAFB2}.Release|iPhoneSimulator.ActiveCfg = Release|Any CPU
		{D14FB6BA-C9EF-42EF-B42F-C6AF36FBAFB2}.Release|iPhoneSimulator.Build.0 = Release|Any CPU
		{95780D79-8B74-4F75-85E2-3BEE5DC968D3}.Debug|Any CPU.ActiveCfg = Debug|Any CPU
		{95780D79-8B74-4F75-85E2-3BEE5DC968D3}.Debug|Any CPU.Build.0 = Debug|Any CPU
		{95780D79-8B74-4F75-85E2-3BEE5DC968D3}.Debug|iPhone.ActiveCfg = Debug|Any CPU
		{95780D79-8B74-4F75-85E2-3BEE5DC968D3}.Debug|iPhone.Build.0 = Debug|Any CPU
		{95780D79-8B74-4F75-85E2-3BEE5DC968D3}.Debug|iPhoneSimulator.ActiveCfg = Debug|Any CPU
		{95780D79-8B74-4F75-85E2-3BEE5DC968D3}.Debug|iPhoneSimulator.Build.0 = Debug|Any CPU
		{95780D79-8B74-4F75-85E2-3BEE5DC968D3}.Release|Any CPU.ActiveCfg = Release|Any CPU
		{95780D79-8B74-4F75-85E2-3BEE5DC968D3}.Release|Any CPU.Build.0 = Release|Any CPU
		{95780D79-8B74-4F75-85E2-3BEE5DC968D3}.Release|iPhone.ActiveCfg = Release|Any CPU
		{95780D79-8B74-4F75-85E2-3BEE5DC968D3}.Release|iPhone.Build.0 = Release|Any CPU
		{95780D79-8B74-4F75-85E2-3BEE5DC968D3}.Release|iPhoneSimulator.ActiveCfg = Release|Any CPU
		{95780D79-8B74-4F75-85E2-3BEE5DC968D3}.Release|iPhoneSimulator.Build.0 = Release|Any CPU
		{ABC145BD-BBD9-4468-BAA4-EF3E66FCADCB}.Debug|Any CPU.ActiveCfg = Debug|Any CPU
		{ABC145BD-BBD9-4468-BAA4-EF3E66FCADCB}.Debug|Any CPU.Build.0 = Debug|Any CPU
		{ABC145BD-BBD9-4468-BAA4-EF3E66FCADCB}.Debug|iPhone.ActiveCfg = Debug|Any CPU
		{ABC145BD-BBD9-4468-BAA4-EF3E66FCADCB}.Debug|iPhone.Build.0 = Debug|Any CPU
		{ABC145BD-BBD9-4468-BAA4-EF3E66FCADCB}.Debug|iPhoneSimulator.ActiveCfg = Debug|Any CPU
		{ABC145BD-BBD9-4468-BAA4-EF3E66FCADCB}.Debug|iPhoneSimulator.Build.0 = Debug|Any CPU
		{ABC145BD-BBD9-4468-BAA4-EF3E66FCADCB}.Release|Any CPU.ActiveCfg = Release|Any CPU
		{ABC145BD-BBD9-4468-BAA4-EF3E66FCADCB}.Release|Any CPU.Build.0 = Release|Any CPU
		{ABC145BD-BBD9-4468-BAA4-EF3E66FCADCB}.Release|iPhone.ActiveCfg = Release|Any CPU
		{ABC145BD-BBD9-4468-BAA4-EF3E66FCADCB}.Release|iPhone.Build.0 = Release|Any CPU
		{ABC145BD-BBD9-4468-BAA4-EF3E66FCADCB}.Release|iPhoneSimulator.ActiveCfg = Release|Any CPU
		{ABC145BD-BBD9-4468-BAA4-EF3E66FCADCB}.Release|iPhoneSimulator.Build.0 = Release|Any CPU
		{35358C29-5AE8-468D-89CE-4241850CE319}.Debug|Any CPU.ActiveCfg = Debug|Any CPU
		{35358C29-5AE8-468D-89CE-4241850CE319}.Debug|Any CPU.Build.0 = Debug|Any CPU
		{35358C29-5AE8-468D-89CE-4241850CE319}.Debug|iPhone.ActiveCfg = Debug|Any CPU
		{35358C29-5AE8-468D-89CE-4241850CE319}.Debug|iPhone.Build.0 = Debug|Any CPU
		{35358C29-5AE8-468D-89CE-4241850CE319}.Debug|iPhoneSimulator.ActiveCfg = Debug|Any CPU
		{35358C29-5AE8-468D-89CE-4241850CE319}.Debug|iPhoneSimulator.Build.0 = Debug|Any CPU
		{35358C29-5AE8-468D-89CE-4241850CE319}.Release|Any CPU.ActiveCfg = Release|Any CPU
		{35358C29-5AE8-468D-89CE-4241850CE319}.Release|Any CPU.Build.0 = Release|Any CPU
		{35358C29-5AE8-468D-89CE-4241850CE319}.Release|iPhone.ActiveCfg = Release|Any CPU
		{35358C29-5AE8-468D-89CE-4241850CE319}.Release|iPhone.Build.0 = Release|Any CPU
		{35358C29-5AE8-468D-89CE-4241850CE319}.Release|iPhoneSimulator.ActiveCfg = Release|Any CPU
		{35358C29-5AE8-468D-89CE-4241850CE319}.Release|iPhoneSimulator.Build.0 = Release|Any CPU
		{7898B2D9-D368-44E1-A62C-6CD7911959C8}.Debug|Any CPU.ActiveCfg = Debug|Any CPU
		{7898B2D9-D368-44E1-A62C-6CD7911959C8}.Debug|Any CPU.Build.0 = Debug|Any CPU
		{7898B2D9-D368-44E1-A62C-6CD7911959C8}.Debug|iPhone.ActiveCfg = Debug|Any CPU
		{7898B2D9-D368-44E1-A62C-6CD7911959C8}.Debug|iPhone.Build.0 = Debug|Any CPU
		{7898B2D9-D368-44E1-A62C-6CD7911959C8}.Debug|iPhoneSimulator.ActiveCfg = Debug|Any CPU
		{7898B2D9-D368-44E1-A62C-6CD7911959C8}.Debug|iPhoneSimulator.Build.0 = Debug|Any CPU
		{7898B2D9-D368-44E1-A62C-6CD7911959C8}.Release|Any CPU.ActiveCfg = Release|Any CPU
		{7898B2D9-D368-44E1-A62C-6CD7911959C8}.Release|Any CPU.Build.0 = Release|Any CPU
		{7898B2D9-D368-44E1-A62C-6CD7911959C8}.Release|iPhone.ActiveCfg = Release|Any CPU
		{7898B2D9-D368-44E1-A62C-6CD7911959C8}.Release|iPhone.Build.0 = Release|Any CPU
		{7898B2D9-D368-44E1-A62C-6CD7911959C8}.Release|iPhoneSimulator.ActiveCfg = Release|Any CPU
		{7898B2D9-D368-44E1-A62C-6CD7911959C8}.Release|iPhoneSimulator.Build.0 = Release|Any CPU
		{1EF12D13-432F-43BB-AC63-38EF75120334}.Debug|Any CPU.ActiveCfg = Debug|Any CPU
		{1EF12D13-432F-43BB-AC63-38EF75120334}.Debug|Any CPU.Build.0 = Debug|Any CPU
		{1EF12D13-432F-43BB-AC63-38EF75120334}.Debug|iPhone.ActiveCfg = Debug|Any CPU
		{1EF12D13-432F-43BB-AC63-38EF75120334}.Debug|iPhone.Build.0 = Debug|Any CPU
		{1EF12D13-432F-43BB-AC63-38EF75120334}.Debug|iPhoneSimulator.ActiveCfg = Debug|Any CPU
		{1EF12D13-432F-43BB-AC63-38EF75120334}.Debug|iPhoneSimulator.Build.0 = Debug|Any CPU
		{1EF12D13-432F-43BB-AC63-38EF75120334}.Release|Any CPU.ActiveCfg = Release|Any CPU
		{1EF12D13-432F-43BB-AC63-38EF75120334}.Release|Any CPU.Build.0 = Release|Any CPU
		{1EF12D13-432F-43BB-AC63-38EF75120334}.Release|iPhone.ActiveCfg = Release|Any CPU
		{1EF12D13-432F-43BB-AC63-38EF75120334}.Release|iPhone.Build.0 = Release|Any CPU
		{1EF12D13-432F-43BB-AC63-38EF75120334}.Release|iPhoneSimulator.ActiveCfg = Release|Any CPU
		{1EF12D13-432F-43BB-AC63-38EF75120334}.Release|iPhoneSimulator.Build.0 = Release|Any CPU
		{DF659B53-5759-407F-A8D5-1A775B824720}.Debug|Any CPU.ActiveCfg = Debug|Any CPU
		{DF659B53-5759-407F-A8D5-1A775B824720}.Debug|Any CPU.Build.0 = Debug|Any CPU
		{DF659B53-5759-407F-A8D5-1A775B824720}.Debug|iPhone.ActiveCfg = Debug|Any CPU
		{DF659B53-5759-407F-A8D5-1A775B824720}.Debug|iPhone.Build.0 = Debug|Any CPU
		{DF659B53-5759-407F-A8D5-1A775B824720}.Debug|iPhoneSimulator.ActiveCfg = Debug|Any CPU
		{DF659B53-5759-407F-A8D5-1A775B824720}.Debug|iPhoneSimulator.Build.0 = Debug|Any CPU
		{DF659B53-5759-407F-A8D5-1A775B824720}.Release|Any CPU.ActiveCfg = Release|Any CPU
		{DF659B53-5759-407F-A8D5-1A775B824720}.Release|Any CPU.Build.0 = Release|Any CPU
		{DF659B53-5759-407F-A8D5-1A775B824720}.Release|iPhone.ActiveCfg = Release|Any CPU
		{DF659B53-5759-407F-A8D5-1A775B824720}.Release|iPhone.Build.0 = Release|Any CPU
		{DF659B53-5759-407F-A8D5-1A775B824720}.Release|iPhoneSimulator.ActiveCfg = Release|Any CPU
		{DF659B53-5759-407F-A8D5-1A775B824720}.Release|iPhoneSimulator.Build.0 = Release|Any CPU
		{B4447A12-4225-4679-A5D8-A94FC7258BF1}.Debug|Any CPU.ActiveCfg = Debug|Any CPU
		{B4447A12-4225-4679-A5D8-A94FC7258BF1}.Debug|Any CPU.Build.0 = Debug|Any CPU
		{B4447A12-4225-4679-A5D8-A94FC7258BF1}.Debug|iPhone.ActiveCfg = Debug|Any CPU
		{B4447A12-4225-4679-A5D8-A94FC7258BF1}.Debug|iPhone.Build.0 = Debug|Any CPU
		{B4447A12-4225-4679-A5D8-A94FC7258BF1}.Debug|iPhoneSimulator.ActiveCfg = Debug|Any CPU
		{B4447A12-4225-4679-A5D8-A94FC7258BF1}.Debug|iPhoneSimulator.Build.0 = Debug|Any CPU
		{B4447A12-4225-4679-A5D8-A94FC7258BF1}.Release|Any CPU.ActiveCfg = Release|Any CPU
		{B4447A12-4225-4679-A5D8-A94FC7258BF1}.Release|Any CPU.Build.0 = Release|Any CPU
		{B4447A12-4225-4679-A5D8-A94FC7258BF1}.Release|iPhone.ActiveCfg = Release|Any CPU
		{B4447A12-4225-4679-A5D8-A94FC7258BF1}.Release|iPhone.Build.0 = Release|Any CPU
		{B4447A12-4225-4679-A5D8-A94FC7258BF1}.Release|iPhoneSimulator.ActiveCfg = Release|Any CPU
		{B4447A12-4225-4679-A5D8-A94FC7258BF1}.Release|iPhoneSimulator.Build.0 = Release|Any CPU
		{0FD3DBA4-24A1-457D-869D-0C757522E867}.Debug|Any CPU.ActiveCfg = Debug|Any CPU
		{0FD3DBA4-24A1-457D-869D-0C757522E867}.Debug|Any CPU.Build.0 = Debug|Any CPU
		{0FD3DBA4-24A1-457D-869D-0C757522E867}.Debug|iPhone.ActiveCfg = Debug|Any CPU
		{0FD3DBA4-24A1-457D-869D-0C757522E867}.Debug|iPhone.Build.0 = Debug|Any CPU
		{0FD3DBA4-24A1-457D-869D-0C757522E867}.Debug|iPhoneSimulator.ActiveCfg = Debug|Any CPU
		{0FD3DBA4-24A1-457D-869D-0C757522E867}.Debug|iPhoneSimulator.Build.0 = Debug|Any CPU
		{0FD3DBA4-24A1-457D-869D-0C757522E867}.Release|Any CPU.ActiveCfg = Release|Any CPU
		{0FD3DBA4-24A1-457D-869D-0C757522E867}.Release|Any CPU.Build.0 = Release|Any CPU
		{0FD3DBA4-24A1-457D-869D-0C757522E867}.Release|iPhone.ActiveCfg = Release|Any CPU
		{0FD3DBA4-24A1-457D-869D-0C757522E867}.Release|iPhone.Build.0 = Release|Any CPU
		{0FD3DBA4-24A1-457D-869D-0C757522E867}.Release|iPhoneSimulator.ActiveCfg = Release|Any CPU
		{0FD3DBA4-24A1-457D-869D-0C757522E867}.Release|iPhoneSimulator.Build.0 = Release|Any CPU
		{07CE2775-8F52-438C-B9CB-A033887D91FD}.Debug|Any CPU.ActiveCfg = Debug|Any CPU
		{07CE2775-8F52-438C-B9CB-A033887D91FD}.Debug|Any CPU.Build.0 = Debug|Any CPU
		{07CE2775-8F52-438C-B9CB-A033887D91FD}.Debug|iPhone.ActiveCfg = Debug|Any CPU
		{07CE2775-8F52-438C-B9CB-A033887D91FD}.Debug|iPhone.Build.0 = Debug|Any CPU
		{07CE2775-8F52-438C-B9CB-A033887D91FD}.Debug|iPhoneSimulator.ActiveCfg = Debug|Any CPU
		{07CE2775-8F52-438C-B9CB-A033887D91FD}.Debug|iPhoneSimulator.Build.0 = Debug|Any CPU
		{07CE2775-8F52-438C-B9CB-A033887D91FD}.Release|Any CPU.ActiveCfg = Release|Any CPU
		{07CE2775-8F52-438C-B9CB-A033887D91FD}.Release|Any CPU.Build.0 = Release|Any CPU
		{07CE2775-8F52-438C-B9CB-A033887D91FD}.Release|iPhone.ActiveCfg = Release|Any CPU
		{07CE2775-8F52-438C-B9CB-A033887D91FD}.Release|iPhone.Build.0 = Release|Any CPU
		{07CE2775-8F52-438C-B9CB-A033887D91FD}.Release|iPhoneSimulator.ActiveCfg = Release|Any CPU
		{07CE2775-8F52-438C-B9CB-A033887D91FD}.Release|iPhoneSimulator.Build.0 = Release|Any CPU
	EndGlobalSection
	GlobalSection(SolutionProperties) = preSolution
		HideSolutionNode = FALSE
	EndGlobalSection
	GlobalSection(ExtensibilityGlobals) = postSolution
		SolutionGuid = {53700067-0214-43D9-9F15-3735EE3102EC}
	EndGlobalSection
	GlobalSection(TeamFoundationVersionControl) = preSolution
		SccNumberOfProjects = 14
		SccEnterpriseProvider = {4CA58AB2-18FA-4F8D-95D4-32DDF27D184C}
		SccTeamFoundationServer = https://dev.azure.com/czadokonrad
		SccLocalPath0 = .
		SccProjectUniqueName1 = Emails.DAL\\Emails.DAL.csproj
		SccProjectName1 = Emails.DAL
		SccLocalPath1 = Emails.DAL
		SccProjectUniqueName2 = Emails.Domain\\Emails.Domain.csproj
		SccProjectName2 = Emails.Domain
		SccLocalPath2 = Emails.Domain
		SccProjectUniqueName3 = Emails.Reader\\Emails.Reader.csproj
		SccProjectName3 = Emails.Reader
		SccLocalPath3 = Emails.Reader
		SccProjectUniqueName4 = EmailsReader.UnitTests\\EmailsReader.UnitTests.csproj
		SccProjectName4 = EmailsReader.UnitTests
		SccLocalPath4 = EmailsReader.UnitTests
		SccProjectUniqueName5 = Emails.Domain.UnitTests\\Emails.Domain.UnitTests.csproj
		SccProjectName5 = Emails.Domain.UnitTests
		SccLocalPath5 = Emails.Domain.UnitTests
		SccProjectUniqueName6 = Emails.Tests.Shared\\Emails.Tests.Shared.csproj
		SccProjectName6 = Emails.Tests.Shared
		SccLocalPath6 = Emails.Tests.Shared
		SccProjectUniqueName7 = Emails.DAL.UnitTests\\Emails.DAL.UnitTests.csproj
		SccProjectName7 = Emails.DAL.UnitTests
		SccLocalPath7 = Emails.DAL.UnitTests
		SccProjectUniqueName8 = Emails.DAL.IntegrationTests\\Emails.DAL.IntegrationTests.csproj
		SccProjectName8 = Emails.DAL.IntegrationTests
		SccLocalPath8 = Emails.DAL.IntegrationTests
		SccProjectUniqueName9 = Emails.Logic\\Emails.Logic.csproj
		SccProjectName9 = Emails.Logic
		SccLocalPath9 = Emails.Logic
		SccProjectUniqueName10 = EmailsReader.IntegrationTests\\EmailsReader.IntegrationTests.csproj
		SccProjectName10 = EmailsReader.IntegrationTests
		SccLocalPath10 = EmailsReader.IntegrationTests
		SccProjectUniqueName11 = FunctionalExtensionsLIbrary\\FunctionalExtensionsLibrary.csproj
		SccProjectName11 = FunctionalExtensionsLIbrary
		SccLocalPath11 = FunctionalExtensionsLIbrary
		SccProjectUniqueName12 = FunctionalExtensionsLibrary.UnitTests\\FunctionalExtensionsLibrary.UnitTests.csproj
		SccProjectName12 = FunctionalExtensionsLibrary.UnitTests
		SccLocalPath12 = FunctionalExtensionsLibrary.UnitTests
		SccProjectUniqueName13 = Emails.API\\Emails.API.csproj
		SccProjectName13 = Emails.API
		SccLocalPath13 = Emails.API
	EndGlobalSection
EndGlobal
